
Microsoft Visual Studio Solution File, Format Version 12.00
# Visual Studio Version 16
VisualStudioVersion = 16.0.31205.134
MinimumVisualStudioVersion = 10.0.40219.1
Project("{FAE04EC0-301F-11D3-BF4B-00C04F79EFBC}") = "VeiligProgameren_Tristan_Jurjens", "VeiligProgameren_Tristan_Jurjens\VeiligProgameren_Tristan_Jurjens.csproj", "{05263880-268C-4D55-BA0B-981606D4760D}"
EndProject
Global
	GlobalSection(SolutionConfigurationPlatforms) = preSolution
		Debug|Any CPU = Debug|Any CPU
		Release|Any CPU = Release|Any CPU
	EndGlobalSection
	GlobalSection(ProjectConfigurationPlatforms) = postSolution
		{05263880-268C-4D55-BA0B-981606D4760D}.Debug|Any CPU.ActiveCfg = Debug|Any CPU
		{05263880-268C-4D55-BA0B-981606D4760D}.Debug|Any CPU.Build.0 = Debug|Any CPU
		{05263880-268C-4D55-BA0B-981606D4760D}.Release|Any CPU.ActiveCfg = Release|Any CPU
		{05263880-268C-4D55-BA0B-981606D4760D}.Release|Any CPU.Build.0 = Release|Any CPU
	EndGlobalSection
	GlobalSection(SolutionProperties) = preSolution
		HideSolutionNode = FALSE
	EndGlobalSection
	GlobalSection(ExtensibilityGlobals) = postSolution
		SolutionGuid = {A7B827FC-D81C-4029-B7A6-E2B9B6DD5F57}
	EndGlobalSection
EndGlobal
